
Microsoft Visual Studio Solution File, Format Version 12.00
# Visual Studio Version 17
VisualStudioVersion = 17.0.31903.59
MinimumVisualStudioVersion = 10.0.40219.1
Project("{2150E333-8FDC-42A3-9474-1A3956D46DE8}") = "1 - src", "1 - src", "{F766ECDF-E7A0-4CA3-B472-44BA6FB10C1F}"
EndProject
Project("{2150E333-8FDC-42A3-9474-1A3956D46DE8}") = "2 - tst", "2 - tst", "{7D465156-B157-479E-8D72-2E1A644F4F1B}"
EndProject
Project("{2150E333-8FDC-42A3-9474-1A3956D46DE8}") = "3 - benchs", "3 - benchs", "{B734727D-C8A5-4798-98C7-126E6FB31C6D}"
EndProject
Project("{9A19103F-16F7-4668-BE54-9A1E7A4F7556}") = "MCIO.OutputEnvelop", "src\OutputEnvelop\MCIO.OutputEnvelop.csproj", "{80B1FA65-255F-4204-ADEC-05630EB5C062}"
EndProject
Project("{9A19103F-16F7-4668-BE54-9A1E7A4F7556}") = "MCIO.OutputEnvelop.UnitTests", "tst\UnitTests\MCIO.OutputEnvelop.UnitTests.csproj", "{BECB278C-49BB-404D-8F7B-90004F6D43C3}"
EndProject
Project("{9A19103F-16F7-4668-BE54-9A1E7A4F7556}") = "MCIO.OutputEnvelop.Benchmarks", "benchs\Benchmarks\MCIO.OutputEnvelop.Benchmarks.csproj", "{D413084B-E0AE-4907-B406-BDD49C74660E}"
EndProject
Project("{2150E333-8FDC-42A3-9474-1A3956D46DE8}") = "4 - samples", "4 - samples", "{CA565187-52AB-48BC-AEA5-678D5D09B37D}"
EndProject
Project("{9A19103F-16F7-4668-BE54-9A1E7A4F7556}") = "MCIO.OutputEnvelop.Samples.SampleApi", "samples\SampleApi\MCIO.OutputEnvelop.Samples.SampleApi.csproj", "{295569EC-9363-4AA9-8CEE-7E091065029D}"
EndProject
Project("{2150E333-8FDC-42A3-9474-1A3956D46DE8}") = "Solution Items", "Solution Items", "{76B57D4A-4FE8-49B6-B0C0-065DBE04FD1A}"
	ProjectSection(SolutionItems) = preProject
		README.md = README.md
	EndProjectSection
EndProject
Global
	GlobalSection(SolutionConfigurationPlatforms) = preSolution
		Debug|Any CPU = Debug|Any CPU
		Release|Any CPU = Release|Any CPU
	EndGlobalSection
	GlobalSection(ProjectConfigurationPlatforms) = postSolution
		{80B1FA65-255F-4204-ADEC-05630EB5C062}.Debug|Any CPU.ActiveCfg = Debug|Any CPU
		{80B1FA65-255F-4204-ADEC-05630EB5C062}.Debug|Any CPU.Build.0 = Debug|Any CPU
		{80B1FA65-255F-4204-ADEC-05630EB5C062}.Release|Any CPU.ActiveCfg = Release|Any CPU
		{80B1FA65-255F-4204-ADEC-05630EB5C062}.Release|Any CPU.Build.0 = Release|Any CPU
		{BECB278C-49BB-404D-8F7B-90004F6D43C3}.Debug|Any CPU.ActiveCfg = Debug|Any CPU
		{BECB278C-49BB-404D-8F7B-90004F6D43C3}.Debug|Any CPU.Build.0 = Debug|Any CPU
		{BECB278C-49BB-404D-8F7B-90004F6D43C3}.Release|Any CPU.ActiveCfg = Release|Any CPU
		{BECB278C-49BB-404D-8F7B-90004F6D43C3}.Release|Any CPU.Build.0 = Release|Any CPU
		{D413084B-E0AE-4907-B406-BDD49C74660E}.Debug|Any CPU.ActiveCfg = Debug|Any CPU
		{D413084B-E0AE-4907-B406-BDD49C74660E}.Debug|Any CPU.Build.0 = Debug|Any CPU
		{D413084B-E0AE-4907-B406-BDD49C74660E}.Release|Any CPU.ActiveCfg = Release|Any CPU
		{D413084B-E0AE-4907-B406-BDD49C74660E}.Release|Any CPU.Build.0 = Release|Any CPU
		{295569EC-9363-4AA9-8CEE-7E091065029D}.Debug|Any CPU.ActiveCfg = Debug|Any CPU
		{295569EC-9363-4AA9-8CEE-7E091065029D}.Debug|Any CPU.Build.0 = Debug|Any CPU
		{295569EC-9363-4AA9-8CEE-7E091065029D}.Release|Any CPU.ActiveCfg = Release|Any CPU
		{295569EC-9363-4AA9-8CEE-7E091065029D}.Release|Any CPU.Build.0 = Release|Any CPU
	EndGlobalSection
	GlobalSection(SolutionProperties) = preSolution
		HideSolutionNode = FALSE
	EndGlobalSection
	GlobalSection(NestedProjects) = preSolution
		{80B1FA65-255F-4204-ADEC-05630EB5C062} = {F766ECDF-E7A0-4CA3-B472-44BA6FB10C1F}
		{BECB278C-49BB-404D-8F7B-90004F6D43C3} = {7D465156-B157-479E-8D72-2E1A644F4F1B}
		{D413084B-E0AE-4907-B406-BDD49C74660E} = {B734727D-C8A5-4798-98C7-126E6FB31C6D}
		{295569EC-9363-4AA9-8CEE-7E091065029D} = {CA565187-52AB-48BC-AEA5-678D5D09B37D}
	EndGlobalSection
	GlobalSection(ExtensibilityGlobals) = postSolution
		SolutionGuid = {E9E34575-EF3F-4257-B624-67725245EB54}
	EndGlobalSection
EndGlobal
